
Microsoft Visual Studio Solution File, Format Version 12.00
# Visual Studio Version 17
VisualStudioVersion = 17.9.34902.65
MinimumVisualStudioVersion = 10.0.40219.1
Project("{FAE04EC0-301F-11D3-BF4B-00C04F79EFBC}") = "StockWise", "StockWise\StockWise.csproj", "{53831EFB-7997-4632-B9D7-A928C9DE79EB}"
EndProject
Project("{FAE04EC0-301F-11D3-BF4B-00C04F79EFBC}") = "StockWise.Services", "StockWise.Services\StockWise.Services.csproj", "{BD3D30B1-D94A-47C0-8767-3EB3A3895EF7}"
EndProject
Project("{FAE04EC0-301F-11D3-BF4B-00C04F79EFBC}") = "StockWise.Infrastructure", "StockWise.Infrastructure\StockWise.Infrastructure.csproj", "{8D6C26DF-261A-4FE7-90A3-EC0A250B19DC}"
EndProject
Project("{FAE04EC0-301F-11D3-BF4B-00C04F79EFBC}") = "StockWise.Domain", "StockWise.Domain\StockWise.Domain.csproj", "{D7D055A8-25D8-4C63-8234-BD5BBB492D89}"
EndProject
Global
	GlobalSection(SolutionConfigurationPlatforms) = preSolution
		Debug|Any CPU = Debug|Any CPU
		Release|Any CPU = Release|Any CPU
	EndGlobalSection
	GlobalSection(ProjectConfigurationPlatforms) = postSolution
		{53831EFB-7997-4632-B9D7-A928C9DE79EB}.Debug|Any CPU.ActiveCfg = Debug|Any CPU
		{53831EFB-7997-4632-B9D7-A928C9DE79EB}.Debug|Any CPU.Build.0 = Debug|Any CPU
		{53831EFB-7997-4632-B9D7-A928C9DE79EB}.Release|Any CPU.ActiveCfg = Release|Any CPU
		{53831EFB-7997-4632-B9D7-A928C9DE79EB}.Release|Any CPU.Build.0 = Release|Any CPU
		{BD3D30B1-D94A-47C0-8767-3EB3A3895EF7}.Debug|Any CPU.ActiveCfg = Debug|Any CPU
		{BD3D30B1-D94A-47C0-8767-3EB3A3895EF7}.Debug|Any CPU.Build.0 = Debug|Any CPU
		{BD3D30B1-D94A-47C0-8767-3EB3A3895EF7}.Release|Any CPU.ActiveCfg = Release|Any CPU
		{BD3D30B1-D94A-47C0-8767-3EB3A3895EF7}.Release|Any CPU.Build.0 = Release|Any CPU
		{8D6C26DF-261A-4FE7-90A3-EC0A250B19DC}.Debug|Any CPU.ActiveCfg = Debug|Any CPU
		{8D6C26DF-261A-4FE7-90A3-EC0A250B19DC}.Debug|Any CPU.Build.0 = Debug|Any CPU
		{8D6C26DF-261A-4FE7-90A3-EC0A250B19DC}.Release|Any CPU.ActiveCfg = Release|Any CPU
		{8D6C26DF-261A-4FE7-90A3-EC0A250B19DC}.Release|Any CPU.Build.0 = Release|Any CPU
		{D7D055A8-25D8-4C63-8234-BD5BBB492D89}.Debug|Any CPU.ActiveCfg = Debug|Any CPU
		{D7D055A8-25D8-4C63-8234-BD5BBB492D89}.Debug|Any CPU.Build.0 = Debug|Any CPU
		{D7D055A8-25D8-4C63-8234-BD5BBB492D89}.Release|Any CPU.ActiveCfg = Release|Any CPU
		{D7D055A8-25D8-4C63-8234-BD5BBB492D89}.Release|Any CPU.Build.0 = Release|Any CPU
	EndGlobalSection
	GlobalSection(SolutionProperties) = preSolution
		HideSolutionNode = FALSE
	EndGlobalSection
	GlobalSection(ExtensibilityGlobals) = postSolution
		SolutionGuid = {BDC0C9D7-D2D2-4716-A78A-A9E787528269}
	EndGlobalSection
EndGlobal
